
Microsoft Visual Studio Solution File, Format Version 12.00
# Visual Studio 15
VisualStudioVersion = 15.0.27428.2043
MinimumVisualStudioVersion = 10.0.40219.1
Project("{FAE04EC0-301F-11D3-BF4B-00C04F79EFBC}") = "ABSClassLibrary", "ABSClassLibrary\ABSClassLibrary.csproj", "{BA791CFF-F329-4C95-822E-FBAA4B5B521C}"
EndProject
Global
	GlobalSection(SolutionConfigurationPlatforms) = preSolution
		Debug|Any CPU = Debug|Any CPU
		Release|Any CPU = Release|Any CPU
	EndGlobalSection
	GlobalSection(ProjectConfigurationPlatforms) = postSolution
		{BA791CFF-F329-4C95-822E-FBAA4B5B521C}.Debug|Any CPU.ActiveCfg = Debug|Any CPU
		{BA791CFF-F329-4C95-822E-FBAA4B5B521C}.Debug|Any CPU.Build.0 = Debug|Any CPU
		{BA791CFF-F329-4C95-822E-FBAA4B5B521C}.Release|Any CPU.ActiveCfg = Release|Any CPU
		{BA791CFF-F329-4C95-822E-FBAA4B5B521C}.Release|Any CPU.Build.0 = Release|Any CPU
	EndGlobalSection
	GlobalSection(SolutionProperties) = preSolution
		HideSolutionNode = FALSE
	EndGlobalSection
	GlobalSection(ExtensibilityGlobals) = postSolution
		SolutionGuid = {0DE5488F-376C-40AF-81D7-0C47ACC7DF80}
	EndGlobalSection
EndGlobal
